// !$*UTF8*$!
{
	archiveVersion = 1;
	classes = {
	};
	objectVersion = 51;
	objects = {

/* Begin PBXBuildFile section */
		2D42A2FB253DCA4200200C2C /* MainTabBarController.swift in Sources */ = {isa = PBXBuildFile; fileRef = 2D42A2FA253DCA4200200C2C /* MainTabBarController.swift */; };
		2D42A308253DCB4B00200C2C /* MyChatsListPresenter.swift in Sources */ = {isa = PBXBuildFile; fileRef = 2D42A302253DCB4B00200C2C /* MyChatsListPresenter.swift */; };
		2D42A309253DCB4B00200C2C /* MyChatsListRouter.swift in Sources */ = {isa = PBXBuildFile; fileRef = 2D42A303253DCB4B00200C2C /* MyChatsListRouter.swift */; };
		2D42A30A253DCB4B00200C2C /* MyChatsListViewController.swift in Sources */ = {isa = PBXBuildFile; fileRef = 2D42A304253DCB4B00200C2C /* MyChatsListViewController.swift */; };
		2D42A30B253DCB4B00200C2C /* MyChatsListProtocols.swift in Sources */ = {isa = PBXBuildFile; fileRef = 2D42A305253DCB4B00200C2C /* MyChatsListProtocols.swift */; };
		2D42A30C253DCB4B00200C2C /* MyChatsListAssembly.swift in Sources */ = {isa = PBXBuildFile; fileRef = 2D42A306253DCB4B00200C2C /* MyChatsListAssembly.swift */; };
		2D42A30D253DCB4B00200C2C /* MyChatsListInteractor.swift in Sources */ = {isa = PBXBuildFile; fileRef = 2D42A307253DCB4B00200C2C /* MyChatsListInteractor.swift */; };
		2D42A316253DCB8200200C2C /* PeopleListPresenter.swift in Sources */ = {isa = PBXBuildFile; fileRef = 2D42A310253DCB8200200C2C /* PeopleListPresenter.swift */; };
		2D42A317253DCB8200200C2C /* PeopleListRouter.swift in Sources */ = {isa = PBXBuildFile; fileRef = 2D42A311253DCB8200200C2C /* PeopleListRouter.swift */; };
		2D42A318253DCB8200200C2C /* PeopleListViewController.swift in Sources */ = {isa = PBXBuildFile; fileRef = 2D42A312253DCB8200200C2C /* PeopleListViewController.swift */; };
		2D42A319253DCB8200200C2C /* PeopleListProtocols.swift in Sources */ = {isa = PBXBuildFile; fileRef = 2D42A313253DCB8200200C2C /* PeopleListProtocols.swift */; };
		2D42A31A253DCB8200200C2C /* PeopleListAssembly.swift in Sources */ = {isa = PBXBuildFile; fileRef = 2D42A314253DCB8200200C2C /* PeopleListAssembly.swift */; };
		2D42A31B253DCB8200200C2C /* PeopleListInteractor.swift in Sources */ = {isa = PBXBuildFile; fileRef = 2D42A315253DCB8200200C2C /* PeopleListInteractor.swift */; };
		2D42A324253DD39700200C2C /* MainFlow.strings in Resources */ = {isa = PBXBuildFile; fileRef = 2D42A326253DD39700200C2C /* MainFlow.strings */; };
		2DBC497E2540388C008AA710 /* ActiveChatCell.swift in Sources */ = {isa = PBXBuildFile; fileRef = 2DBC497D2540388C008AA710 /* ActiveChatCell.swift */; };
		2DBC498425403989008AA710 /* MyChatsListModels.swift in Sources */ = {isa = PBXBuildFile; fileRef = 2DBC498325403989008AA710 /* MyChatsListModels.swift */; };
		2DD2398C2541BC7E00CC5769 /* SectionHeader.swift in Sources */ = {isa = PBXBuildFile; fileRef = 2DD2398B2541BC7E00CC5769 /* SectionHeader.swift */; };
		2DF6376F2540749A0031AFDA /* GradientView.swift in Sources */ = {isa = PBXBuildFile; fileRef = 2DF6376E2540749A0031AFDA /* GradientView.swift */; };
		2DF6377525407CA00031AFDA /* WaitingChatCell.swift in Sources */ = {isa = PBXBuildFile; fileRef = 2DF6377425407CA00031AFDA /* WaitingChatCell.swift */; };
		2DF6377B25407D340031AFDA /* SelfConfigureCell.swift in Sources */ = {isa = PBXBuildFile; fileRef = 2DF6377A25407D340031AFDA /* SelfConfigureCell.swift */; };
		6006216A24BDAC68005DBC90 /* AuthPresenter.swift in Sources */ = {isa = PBXBuildFile; fileRef = 6006216424BDAC68005DBC90 /* AuthPresenter.swift */; };
		6006216B24BDAC68005DBC90 /* AuthRouter.swift in Sources */ = {isa = PBXBuildFile; fileRef = 6006216524BDAC68005DBC90 /* AuthRouter.swift */; };
		6006216C24BDAC68005DBC90 /* AuthViewController.swift in Sources */ = {isa = PBXBuildFile; fileRef = 6006216624BDAC68005DBC90 /* AuthViewController.swift */; };
		6006216D24BDAC68005DBC90 /* AuthProtocols.swift in Sources */ = {isa = PBXBuildFile; fileRef = 6006216724BDAC68005DBC90 /* AuthProtocols.swift */; };
		6006216E24BDAC68005DBC90 /* AuthAssembly.swift in Sources */ = {isa = PBXBuildFile; fileRef = 6006216824BDAC68005DBC90 /* AuthAssembly.swift */; };
		6006216F24BDAC68005DBC90 /* AuthInteractor.swift in Sources */ = {isa = PBXBuildFile; fileRef = 6006216924BDAC68005DBC90 /* AuthInteractor.swift */; };
		6006217324BDB53A005DBC90 /* AuthSocialButton.swift in Sources */ = {isa = PBXBuildFile; fileRef = 6006217224BDB53A005DBC90 /* AuthSocialButton.swift */; };
		6006217524BDB8AF005DBC90 /* SocialImages.xcassets in Resources */ = {isa = PBXBuildFile; fileRef = 6006217424BDB8AF005DBC90 /* SocialImages.xcassets */; };
		6006217824C5869B005DBC90 /* MaterialVerticalButton.swift in Sources */ = {isa = PBXBuildFile; fileRef = 6006217724C5869B005DBC90 /* MaterialVerticalButton.swift */; };
		6006217A24C588E2005DBC90 /* MaterialDesignExtensions.swift in Sources */ = {isa = PBXBuildFile; fileRef = 6006217924C588E2005DBC90 /* MaterialDesignExtensions.swift */; };
		6006217C24C589B0005DBC90 /* RippleLayer.swift in Sources */ = {isa = PBXBuildFile; fileRef = 6006217B24C589B0005DBC90 /* RippleLayer.swift */; };
		6006218224C5D077005DBC90 /* MaterialButton.swift in Sources */ = {isa = PBXBuildFile; fileRef = 6006218124C5D077005DBC90 /* MaterialButton.swift */; };
		6006218424C5D27D005DBC90 /* MaterialLoadingIndicator.swift in Sources */ = {isa = PBXBuildFile; fileRef = 6006218324C5D27D005DBC90 /* MaterialLoadingIndicator.swift */; };
		6006218624C5E594005DBC90 /* UIFont+app.swift in Sources */ = {isa = PBXBuildFile; fileRef = 6006218524C5E594005DBC90 /* UIFont+app.swift */; };
		6006218824C5EFDD005DBC90 /* LoginInAppViewsFactory.swift in Sources */ = {isa = PBXBuildFile; fileRef = 6006218724C5EFDD005DBC90 /* LoginInAppViewsFactory.swift */; };
		6013050F24C6F183005841C2 /* UILabel+Gradient.swift in Sources */ = {isa = PBXBuildFile; fileRef = 6013050E24C6F183005841C2 /* UILabel+Gradient.swift */; };
		6013051324C7014D005841C2 /* MaterialTextField.swift in Sources */ = {isa = PBXBuildFile; fileRef = 6013051224C7014D005841C2 /* MaterialTextField.swift */; };
		6037B0FB24C6C1A500F38F17 /* UIStackView+addArrSub.swift in Sources */ = {isa = PBXBuildFile; fileRef = 6037B0FA24C6C1A500F38F17 /* UIStackView+addArrSub.swift */; };
		6037B10324C6C74D00F38F17 /* SignUpPresenter.swift in Sources */ = {isa = PBXBuildFile; fileRef = 6037B0FD24C6C74D00F38F17 /* SignUpPresenter.swift */; };
		6037B10424C6C74D00F38F17 /* SignUpRouter.swift in Sources */ = {isa = PBXBuildFile; fileRef = 6037B0FE24C6C74D00F38F17 /* SignUpRouter.swift */; };
		6037B10524C6C74D00F38F17 /* SignUpViewController.swift in Sources */ = {isa = PBXBuildFile; fileRef = 6037B0FF24C6C74D00F38F17 /* SignUpViewController.swift */; };
		6037B10624C6C74D00F38F17 /* SignUpProtocols.swift in Sources */ = {isa = PBXBuildFile; fileRef = 6037B10024C6C74D00F38F17 /* SignUpProtocols.swift */; };
		6037B10724C6C74D00F38F17 /* SignUpAssembly.swift in Sources */ = {isa = PBXBuildFile; fileRef = 6037B10124C6C74D00F38F17 /* SignUpAssembly.swift */; };
		6037B10824C6C74D00F38F17 /* SignUpInteractor.swift in Sources */ = {isa = PBXBuildFile; fileRef = 6037B10224C6C74D00F38F17 /* SignUpInteractor.swift */; };
		6037B11024C6CCE000F38F17 /* SignInPresenter.swift in Sources */ = {isa = PBXBuildFile; fileRef = 6037B10A24C6CCE000F38F17 /* SignInPresenter.swift */; };
		6037B11124C6CCE000F38F17 /* SignInRouter.swift in Sources */ = {isa = PBXBuildFile; fileRef = 6037B10B24C6CCE000F38F17 /* SignInRouter.swift */; };
		6037B11224C6CCE000F38F17 /* SignInViewController.swift in Sources */ = {isa = PBXBuildFile; fileRef = 6037B10C24C6CCE000F38F17 /* SignInViewController.swift */; };
		6037B11324C6CCE000F38F17 /* SignInProtocols.swift in Sources */ = {isa = PBXBuildFile; fileRef = 6037B10D24C6CCE000F38F17 /* SignInProtocols.swift */; };
		6037B11424C6CCE000F38F17 /* SignInAssembly.swift in Sources */ = {isa = PBXBuildFile; fileRef = 6037B10E24C6CCE000F38F17 /* SignInAssembly.swift */; };
		6037B11524C6CCE000F38F17 /* SignInInteractor.swift in Sources */ = {isa = PBXBuildFile; fileRef = 6037B10F24C6CCE000F38F17 /* SignInInteractor.swift */; };
		6037B11B24C6D1C700F38F17 /* Phosphate Pro Cond Inline Regular.otf in Resources */ = {isa = PBXBuildFile; fileRef = 6037B11724C6D1B900F38F17 /* Phosphate Pro Cond Inline Regular.otf */; };
		6037B11C24C6D1CB00F38F17 /* Phosphate Pro Cond Solid Regular.otf in Resources */ = {isa = PBXBuildFile; fileRef = 6037B11A24C6D1BA00F38F17 /* Phosphate Pro Cond Solid Regular.otf */; };
		6037B11D24C6D1CF00F38F17 /* PhosphatePro-Inline.otf in Resources */ = {isa = PBXBuildFile; fileRef = 6037B11924C6D1B900F38F17 /* PhosphatePro-Inline.otf */; };
		6037B11E24C6D1D200F38F17 /* PhosphatePro-Solid.otf in Resources */ = {isa = PBXBuildFile; fileRef = 6037B11824C6D1B900F38F17 /* PhosphatePro-Solid.otf */; };
		6047F92A24AE041B009F013C /* LoginInAppFlow.strings in Resources */ = {isa = PBXBuildFile; fileRef = 6047F92C24AE041B009F013C /* LoginInAppFlow.strings */; };
		6047F93124AE083D009F013C /* InfoPlist.strings in Resources */ = {isa = PBXBuildFile; fileRef = 6047F93324AE083D009F013C /* InfoPlist.strings */; };
		6047F93724AE11CB009F013C /* String+Localize.swift in Sources */ = {isa = PBXBuildFile; fileRef = 6047F93624AE11CB009F013C /* String+Localize.swift */; };
		608A484924ADE5260023E58A /* AppDelegate.swift in Sources */ = {isa = PBXBuildFile; fileRef = 608A484824ADE5260023E58A /* AppDelegate.swift */; };
		608A484B24ADE5260023E58A /* SceneDelegate.swift in Sources */ = {isa = PBXBuildFile; fileRef = 608A484A24ADE5260023E58A /* SceneDelegate.swift */; };
		608A485224ADE52B0023E58A /* Assets.xcassets in Resources */ = {isa = PBXBuildFile; fileRef = 608A485124ADE52B0023E58A /* Assets.xcassets */; };
		608A485524ADE52B0023E58A /* LaunchScreen.storyboard in Resources */ = {isa = PBXBuildFile; fileRef = 608A485324ADE52B0023E58A /* LaunchScreen.storyboard */; };
		608A486024ADE52C0023E58A /* SimpleMeetTests.swift in Sources */ = {isa = PBXBuildFile; fileRef = 608A485F24ADE52C0023E58A /* SimpleMeetTests.swift */; };
		608A486E24ADEA980023E58A /* UIColor+Dark+Hex.swift in Sources */ = {isa = PBXBuildFile; fileRef = 608A486D24ADEA980023E58A /* UIColor+Dark+Hex.swift */; };
		608A487224ADEF470023E58A /* UIColor+Pallete.swift in Sources */ = {isa = PBXBuildFile; fileRef = 608A487024ADEF470023E58A /* UIColor+Pallete.swift */; };
		608A487324ADEF470023E58A /* UIImage+app.swift in Sources */ = {isa = PBXBuildFile; fileRef = 608A487124ADEF470023E58A /* UIImage+app.swift */; };
		60973F0D2509365E006FBE6F /* AuthViewConstraints.swift in Sources */ = {isa = PBXBuildFile; fileRef = 60973F0C2509365E006FBE6F /* AuthViewConstraints.swift */; };
		60973F0F250936B1006FBE6F /* SignUpConstraints.swift in Sources */ = {isa = PBXBuildFile; fileRef = 60973F0E250936B1006FBE6F /* SignUpConstraints.swift */; };
		60973F1325093727006FBE6F /* SignInConstraints.swift in Sources */ = {isa = PBXBuildFile; fileRef = 60973F1225093727006FBE6F /* SignInConstraints.swift */; };
		60973F152509376F006FBE6F /* ProfileConstraints.swift in Sources */ = {isa = PBXBuildFile; fileRef = 60973F142509376F006FBE6F /* ProfileConstraints.swift */; };
		60A827C724C6078B00531E78 /* UIView + addSub.swift in Sources */ = {isa = PBXBuildFile; fileRef = 60A827C624C6078B00531E78 /* UIView + addSub.swift */; };
		60A827C924C6079000531E78 /* UIDevice+.swift in Sources */ = {isa = PBXBuildFile; fileRef = 60A827C824C6079000531E78 /* UIDevice+.swift */; };
		60A827CB24C6079400531E78 /* UIView+heights.swift in Sources */ = {isa = PBXBuildFile; fileRef = 60A827CA24C6079400531E78 /* UIView+heights.swift */; };
		60BEC9C424C96EB5000C2B71 /* ProfilePresenter.swift in Sources */ = {isa = PBXBuildFile; fileRef = 60BEC9BE24C96EB5000C2B71 /* ProfilePresenter.swift */; };
		60BEC9C524C96EB5000C2B71 /* ProfileRouter.swift in Sources */ = {isa = PBXBuildFile; fileRef = 60BEC9BF24C96EB5000C2B71 /* ProfileRouter.swift */; };
		60BEC9C624C96EB5000C2B71 /* ProfileViewController.swift in Sources */ = {isa = PBXBuildFile; fileRef = 60BEC9C024C96EB5000C2B71 /* ProfileViewController.swift */; };
		60BEC9C724C96EB5000C2B71 /* ProfileProtocols.swift in Sources */ = {isa = PBXBuildFile; fileRef = 60BEC9C124C96EB5000C2B71 /* ProfileProtocols.swift */; };
		60BEC9C824C96EB5000C2B71 /* ProfileAssembly.swift in Sources */ = {isa = PBXBuildFile; fileRef = 60BEC9C224C96EB5000C2B71 /* ProfileAssembly.swift */; };
		60BEC9C924C96EB5000C2B71 /* ProfileInteractor.swift in Sources */ = {isa = PBXBuildFile; fileRef = 60BEC9C324C96EB5000C2B71 /* ProfileInteractor.swift */; };
		60BEC9CC24C973C3000C2B71 /* AddPhotoView.swift in Sources */ = {isa = PBXBuildFile; fileRef = 60BEC9CB24C973C3000C2B71 /* AddPhotoView.swift */; };
		60BEC9CE24C9F55B000C2B71 /* MaterialSegmentControl.swift in Sources */ = {isa = PBXBuildFile; fileRef = 60BEC9CD24C9F55B000C2B71 /* MaterialSegmentControl.swift */; };
		6DDA1D8E6A2119D814AE6660 /* Pods_SimpleMeetTests.framework in Frameworks */ = {isa = PBXBuildFile; fileRef = CF2DD27A076948C458EDA926 /* Pods_SimpleMeetTests.framework */; };
		ACB74C560DFA5E383FB17893 /* Pods_SimpleMeet.framework in Frameworks */ = {isa = PBXBuildFile; fileRef = 83AD4FE0B3B36972CFFCF7AE /* Pods_SimpleMeet.framework */; };
/* End PBXBuildFile section */

/* Begin PBXContainerItemProxy section */
		608A485C24ADE52B0023E58A /* PBXContainerItemProxy */ = {
			isa = PBXContainerItemProxy;
			containerPortal = 608A483D24ADE5260023E58A /* Project object */;
			proxyType = 1;
			remoteGlobalIDString = 608A484424ADE5260023E58A;
			remoteInfo = SimpleMeet;
		};
/* End PBXContainerItemProxy section */

/* Begin PBXFileReference section */
		2D42A2FA253DCA4200200C2C /* MainTabBarController.swift */ = {isa = PBXFileReference; lastKnownFileType = sourcecode.swift; path = MainTabBarController.swift; sourceTree = "<group>"; };
		2D42A302253DCB4B00200C2C /* MyChatsListPresenter.swift */ = {isa = PBXFileReference; lastKnownFileType = sourcecode.swift; path = MyChatsListPresenter.swift; sourceTree = "<group>"; };
		2D42A303253DCB4B00200C2C /* MyChatsListRouter.swift */ = {isa = PBXFileReference; lastKnownFileType = sourcecode.swift; path = MyChatsListRouter.swift; sourceTree = "<group>"; };
		2D42A304253DCB4B00200C2C /* MyChatsListViewController.swift */ = {isa = PBXFileReference; lastKnownFileType = sourcecode.swift; path = MyChatsListViewController.swift; sourceTree = "<group>"; };
		2D42A305253DCB4B00200C2C /* MyChatsListProtocols.swift */ = {isa = PBXFileReference; lastKnownFileType = sourcecode.swift; path = MyChatsListProtocols.swift; sourceTree = "<group>"; };
		2D42A306253DCB4B00200C2C /* MyChatsListAssembly.swift */ = {isa = PBXFileReference; lastKnownFileType = sourcecode.swift; path = MyChatsListAssembly.swift; sourceTree = "<group>"; };
		2D42A307253DCB4B00200C2C /* MyChatsListInteractor.swift */ = {isa = PBXFileReference; lastKnownFileType = sourcecode.swift; path = MyChatsListInteractor.swift; sourceTree = "<group>"; };
		2D42A310253DCB8200200C2C /* PeopleListPresenter.swift */ = {isa = PBXFileReference; lastKnownFileType = sourcecode.swift; path = PeopleListPresenter.swift; sourceTree = "<group>"; };
		2D42A311253DCB8200200C2C /* PeopleListRouter.swift */ = {isa = PBXFileReference; lastKnownFileType = sourcecode.swift; path = PeopleListRouter.swift; sourceTree = "<group>"; };
		2D42A312253DCB8200200C2C /* PeopleListViewController.swift */ = {isa = PBXFileReference; lastKnownFileType = sourcecode.swift; path = PeopleListViewController.swift; sourceTree = "<group>"; };
		2D42A313253DCB8200200C2C /* PeopleListProtocols.swift */ = {isa = PBXFileReference; lastKnownFileType = sourcecode.swift; path = PeopleListProtocols.swift; sourceTree = "<group>"; };
		2D42A314253DCB8200200C2C /* PeopleListAssembly.swift */ = {isa = PBXFileReference; lastKnownFileType = sourcecode.swift; path = PeopleListAssembly.swift; sourceTree = "<group>"; };
		2D42A315253DCB8200200C2C /* PeopleListInteractor.swift */ = {isa = PBXFileReference; lastKnownFileType = sourcecode.swift; path = PeopleListInteractor.swift; sourceTree = "<group>"; };
		2D42A325253DD39700200C2C /* en */ = {isa = PBXFileReference; lastKnownFileType = text.plist.strings; name = en; path = en.lproj/MainFlow.strings; sourceTree = "<group>"; };
		2D42A329253DD39B00200C2C /* ru */ = {isa = PBXFileReference; lastKnownFileType = text.plist.strings; name = ru; path = ru.lproj/MainFlow.strings; sourceTree = "<group>"; };
		2DBC497D2540388C008AA710 /* ActiveChatCell.swift */ = {isa = PBXFileReference; lastKnownFileType = sourcecode.swift; path = ActiveChatCell.swift; sourceTree = "<group>"; };
		2DBC498325403989008AA710 /* MyChatsListModels.swift */ = {isa = PBXFileReference; lastKnownFileType = sourcecode.swift; path = MyChatsListModels.swift; sourceTree = "<group>"; };
		2DD2398B2541BC7E00CC5769 /* SectionHeader.swift */ = {isa = PBXFileReference; lastKnownFileType = sourcecode.swift; path = SectionHeader.swift; sourceTree = "<group>"; };
		2DF6376E2540749A0031AFDA /* GradientView.swift */ = {isa = PBXFileReference; lastKnownFileType = sourcecode.swift; path = GradientView.swift; sourceTree = "<group>"; };
		2DF6377425407CA00031AFDA /* WaitingChatCell.swift */ = {isa = PBXFileReference; lastKnownFileType = sourcecode.swift; path = WaitingChatCell.swift; sourceTree = "<group>"; };
		2DF6377A25407D340031AFDA /* SelfConfigureCell.swift */ = {isa = PBXFileReference; lastKnownFileType = sourcecode.swift; path = SelfConfigureCell.swift; sourceTree = "<group>"; };
		40E45C3B4BC7E72B6BB43AF0 /* Pods-SimpleMeet.debug.xcconfig */ = {isa = PBXFileReference; includeInIndex = 1; lastKnownFileType = text.xcconfig; name = "Pods-SimpleMeet.debug.xcconfig"; path = "Target Support Files/Pods-SimpleMeet/Pods-SimpleMeet.debug.xcconfig"; sourceTree = "<group>"; };
		6006216424BDAC68005DBC90 /* AuthPresenter.swift */ = {isa = PBXFileReference; lastKnownFileType = sourcecode.swift; path = AuthPresenter.swift; sourceTree = "<group>"; };
		6006216524BDAC68005DBC90 /* AuthRouter.swift */ = {isa = PBXFileReference; lastKnownFileType = sourcecode.swift; path = AuthRouter.swift; sourceTree = "<group>"; };
		6006216624BDAC68005DBC90 /* AuthViewController.swift */ = {isa = PBXFileReference; lastKnownFileType = sourcecode.swift; path = AuthViewController.swift; sourceTree = "<group>"; };
		6006216724BDAC68005DBC90 /* AuthProtocols.swift */ = {isa = PBXFileReference; lastKnownFileType = sourcecode.swift; path = AuthProtocols.swift; sourceTree = "<group>"; };
		6006216824BDAC68005DBC90 /* AuthAssembly.swift */ = {isa = PBXFileReference; lastKnownFileType = sourcecode.swift; path = AuthAssembly.swift; sourceTree = "<group>"; };
		6006216924BDAC68005DBC90 /* AuthInteractor.swift */ = {isa = PBXFileReference; lastKnownFileType = sourcecode.swift; path = AuthInteractor.swift; sourceTree = "<group>"; };
		6006217224BDB53A005DBC90 /* AuthSocialButton.swift */ = {isa = PBXFileReference; lastKnownFileType = sourcecode.swift; path = AuthSocialButton.swift; sourceTree = "<group>"; };
		6006217424BDB8AF005DBC90 /* SocialImages.xcassets */ = {isa = PBXFileReference; lastKnownFileType = folder.assetcatalog; path = SocialImages.xcassets; sourceTree = "<group>"; };
		6006217724C5869B005DBC90 /* MaterialVerticalButton.swift */ = {isa = PBXFileReference; lastKnownFileType = sourcecode.swift; path = MaterialVerticalButton.swift; sourceTree = "<group>"; };
		6006217924C588E2005DBC90 /* MaterialDesignExtensions.swift */ = {isa = PBXFileReference; lastKnownFileType = sourcecode.swift; path = MaterialDesignExtensions.swift; sourceTree = "<group>"; };
		6006217B24C589B0005DBC90 /* RippleLayer.swift */ = {isa = PBXFileReference; lastKnownFileType = sourcecode.swift; path = RippleLayer.swift; sourceTree = "<group>"; };
		6006217E24C5C77B005DBC90 /* ru */ = {isa = PBXFileReference; lastKnownFileType = text.plist.strings; name = ru; path = ru.lproj/LaunchScreen.strings; sourceTree = "<group>"; };
		6006218024C5C88F005DBC90 /* en */ = {isa = PBXFileReference; lastKnownFileType = text.plist.strings; name = en; path = en.lproj/LaunchScreen.strings; sourceTree = "<group>"; };
		6006218124C5D077005DBC90 /* MaterialButton.swift */ = {isa = PBXFileReference; lastKnownFileType = sourcecode.swift; path = MaterialButton.swift; sourceTree = "<group>"; };
		6006218324C5D27D005DBC90 /* MaterialLoadingIndicator.swift */ = {isa = PBXFileReference; lastKnownFileType = sourcecode.swift; path = MaterialLoadingIndicator.swift; sourceTree = "<group>"; };
		6006218524C5E594005DBC90 /* UIFont+app.swift */ = {isa = PBXFileReference; lastKnownFileType = sourcecode.swift; path = "UIFont+app.swift"; sourceTree = "<group>"; };
		6006218724C5EFDD005DBC90 /* LoginInAppViewsFactory.swift */ = {isa = PBXFileReference; lastKnownFileType = sourcecode.swift; path = LoginInAppViewsFactory.swift; sourceTree = "<group>"; };
		6013050E24C6F183005841C2 /* UILabel+Gradient.swift */ = {isa = PBXFileReference; lastKnownFileType = sourcecode.swift; path = "UILabel+Gradient.swift"; sourceTree = "<group>"; };
		6013051224C7014D005841C2 /* MaterialTextField.swift */ = {isa = PBXFileReference; lastKnownFileType = sourcecode.swift; path = MaterialTextField.swift; sourceTree = "<group>"; };
		6037B0FA24C6C1A500F38F17 /* UIStackView+addArrSub.swift */ = {isa = PBXFileReference; lastKnownFileType = sourcecode.swift; path = "UIStackView+addArrSub.swift"; sourceTree = "<group>"; };
		6037B0FD24C6C74D00F38F17 /* SignUpPresenter.swift */ = {isa = PBXFileReference; lastKnownFileType = sourcecode.swift; path = SignUpPresenter.swift; sourceTree = "<group>"; };
		6037B0FE24C6C74D00F38F17 /* SignUpRouter.swift */ = {isa = PBXFileReference; lastKnownFileType = sourcecode.swift; path = SignUpRouter.swift; sourceTree = "<group>"; };
		6037B0FF24C6C74D00F38F17 /* SignUpViewController.swift */ = {isa = PBXFileReference; lastKnownFileType = sourcecode.swift; path = SignUpViewController.swift; sourceTree = "<group>"; };
		6037B10024C6C74D00F38F17 /* SignUpProtocols.swift */ = {isa = PBXFileReference; lastKnownFileType = sourcecode.swift; path = SignUpProtocols.swift; sourceTree = "<group>"; };
		6037B10124C6C74D00F38F17 /* SignUpAssembly.swift */ = {isa = PBXFileReference; lastKnownFileType = sourcecode.swift; path = SignUpAssembly.swift; sourceTree = "<group>"; };
		6037B10224C6C74D00F38F17 /* SignUpInteractor.swift */ = {isa = PBXFileReference; lastKnownFileType = sourcecode.swift; path = SignUpInteractor.swift; sourceTree = "<group>"; };
		6037B10A24C6CCE000F38F17 /* SignInPresenter.swift */ = {isa = PBXFileReference; lastKnownFileType = sourcecode.swift; path = SignInPresenter.swift; sourceTree = "<group>"; };
		6037B10B24C6CCE000F38F17 /* SignInRouter.swift */ = {isa = PBXFileReference; lastKnownFileType = sourcecode.swift; path = SignInRouter.swift; sourceTree = "<group>"; };
		6037B10C24C6CCE000F38F17 /* SignInViewController.swift */ = {isa = PBXFileReference; lastKnownFileType = sourcecode.swift; path = SignInViewController.swift; sourceTree = "<group>"; };
		6037B10D24C6CCE000F38F17 /* SignInProtocols.swift */ = {isa = PBXFileReference; lastKnownFileType = sourcecode.swift; path = SignInProtocols.swift; sourceTree = "<group>"; };
		6037B10E24C6CCE000F38F17 /* SignInAssembly.swift */ = {isa = PBXFileReference; lastKnownFileType = sourcecode.swift; path = SignInAssembly.swift; sourceTree = "<group>"; };
		6037B10F24C6CCE000F38F17 /* SignInInteractor.swift */ = {isa = PBXFileReference; lastKnownFileType = sourcecode.swift; path = SignInInteractor.swift; sourceTree = "<group>"; };
		6037B11724C6D1B900F38F17 /* Phosphate Pro Cond Inline Regular.otf */ = {isa = PBXFileReference; lastKnownFileType = file; path = "Phosphate Pro Cond Inline Regular.otf"; sourceTree = "<group>"; };
		6037B11824C6D1B900F38F17 /* PhosphatePro-Solid.otf */ = {isa = PBXFileReference; lastKnownFileType = file; path = "PhosphatePro-Solid.otf"; sourceTree = "<group>"; };
		6037B11924C6D1B900F38F17 /* PhosphatePro-Inline.otf */ = {isa = PBXFileReference; lastKnownFileType = file; path = "PhosphatePro-Inline.otf"; sourceTree = "<group>"; };
		6037B11A24C6D1BA00F38F17 /* Phosphate Pro Cond Solid Regular.otf */ = {isa = PBXFileReference; lastKnownFileType = file; path = "Phosphate Pro Cond Solid Regular.otf"; sourceTree = "<group>"; };
		6047F92B24AE041B009F013C /* en */ = {isa = PBXFileReference; lastKnownFileType = text.plist.strings; name = en; path = en.lproj/LoginInAppFlow.strings; sourceTree = "<group>"; };
		6047F92D24AE041F009F013C /* ru */ = {isa = PBXFileReference; lastKnownFileType = text.plist.strings; name = ru; path = ru.lproj/LoginInAppFlow.strings; sourceTree = "<group>"; };
		6047F93224AE083D009F013C /* ru */ = {isa = PBXFileReference; lastKnownFileType = text.plist.strings; name = ru; path = ru.lproj/InfoPlist.strings; sourceTree = "<group>"; };
		6047F93424AE083E009F013C /* en */ = {isa = PBXFileReference; lastKnownFileType = text.plist.strings; name = en; path = en.lproj/InfoPlist.strings; sourceTree = "<group>"; };
		6047F93624AE11CB009F013C /* String+Localize.swift */ = {isa = PBXFileReference; lastKnownFileType = sourcecode.swift; path = "String+Localize.swift"; sourceTree = "<group>"; };
		608A484524ADE5260023E58A /* SimpleMeet.app */ = {isa = PBXFileReference; explicitFileType = wrapper.application; includeInIndex = 0; path = SimpleMeet.app; sourceTree = BUILT_PRODUCTS_DIR; };
		608A484824ADE5260023E58A /* AppDelegate.swift */ = {isa = PBXFileReference; lastKnownFileType = sourcecode.swift; path = AppDelegate.swift; sourceTree = "<group>"; };
		608A484A24ADE5260023E58A /* SceneDelegate.swift */ = {isa = PBXFileReference; lastKnownFileType = sourcecode.swift; path = SceneDelegate.swift; sourceTree = "<group>"; };
		608A485124ADE52B0023E58A /* Assets.xcassets */ = {isa = PBXFileReference; lastKnownFileType = folder.assetcatalog; path = Assets.xcassets; sourceTree = "<group>"; };
		608A485424ADE52B0023E58A /* Base */ = {isa = PBXFileReference; lastKnownFileType = file.storyboard; name = Base; path = Base.lproj/LaunchScreen.storyboard; sourceTree = "<group>"; };
		608A485624ADE52B0023E58A /* Info.plist */ = {isa = PBXFileReference; lastKnownFileType = text.plist.xml; path = Info.plist; sourceTree = "<group>"; };
		608A485B24ADE52B0023E58A /* SimpleMeetTests.xctest */ = {isa = PBXFileReference; explicitFileType = wrapper.cfbundle; includeInIndex = 0; path = SimpleMeetTests.xctest; sourceTree = BUILT_PRODUCTS_DIR; };
		608A485F24ADE52C0023E58A /* SimpleMeetTests.swift */ = {isa = PBXFileReference; lastKnownFileType = sourcecode.swift; path = SimpleMeetTests.swift; sourceTree = "<group>"; };
		608A486124ADE52C0023E58A /* Info.plist */ = {isa = PBXFileReference; lastKnownFileType = text.plist.xml; path = Info.plist; sourceTree = "<group>"; };
		608A486D24ADEA980023E58A /* UIColor+Dark+Hex.swift */ = {isa = PBXFileReference; fileEncoding = 4; lastKnownFileType = sourcecode.swift; path = "UIColor+Dark+Hex.swift"; sourceTree = "<group>"; };
		608A487024ADEF470023E58A /* UIColor+Pallete.swift */ = {isa = PBXFileReference; fileEncoding = 4; lastKnownFileType = sourcecode.swift; path = "UIColor+Pallete.swift"; sourceTree = "<group>"; };
		608A487124ADEF470023E58A /* UIImage+app.swift */ = {isa = PBXFileReference; fileEncoding = 4; lastKnownFileType = sourcecode.swift; path = "UIImage+app.swift"; sourceTree = "<group>"; };
		60973F0C2509365E006FBE6F /* AuthViewConstraints.swift */ = {isa = PBXFileReference; lastKnownFileType = sourcecode.swift; path = AuthViewConstraints.swift; sourceTree = "<group>"; };
		60973F0E250936B1006FBE6F /* SignUpConstraints.swift */ = {isa = PBXFileReference; lastKnownFileType = sourcecode.swift; path = SignUpConstraints.swift; sourceTree = "<group>"; };
		60973F1225093727006FBE6F /* SignInConstraints.swift */ = {isa = PBXFileReference; lastKnownFileType = sourcecode.swift; path = SignInConstraints.swift; sourceTree = "<group>"; };
		60973F142509376F006FBE6F /* ProfileConstraints.swift */ = {isa = PBXFileReference; lastKnownFileType = sourcecode.swift; path = ProfileConstraints.swift; sourceTree = "<group>"; };
		60A827C624C6078B00531E78 /* UIView + addSub.swift */ = {isa = PBXFileReference; fileEncoding = 4; lastKnownFileType = sourcecode.swift; path = "UIView + addSub.swift"; sourceTree = "<group>"; };
		60A827C824C6079000531E78 /* UIDevice+.swift */ = {isa = PBXFileReference; fileEncoding = 4; lastKnownFileType = sourcecode.swift; path = "UIDevice+.swift"; sourceTree = "<group>"; };
		60A827CA24C6079400531E78 /* UIView+heights.swift */ = {isa = PBXFileReference; fileEncoding = 4; lastKnownFileType = sourcecode.swift; path = "UIView+heights.swift"; sourceTree = "<group>"; };
		60BEC9BE24C96EB5000C2B71 /* ProfilePresenter.swift */ = {isa = PBXFileReference; lastKnownFileType = sourcecode.swift; path = ProfilePresenter.swift; sourceTree = "<group>"; };
		60BEC9BF24C96EB5000C2B71 /* ProfileRouter.swift */ = {isa = PBXFileReference; lastKnownFileType = sourcecode.swift; path = ProfileRouter.swift; sourceTree = "<group>"; };
		60BEC9C024C96EB5000C2B71 /* ProfileViewController.swift */ = {isa = PBXFileReference; lastKnownFileType = sourcecode.swift; path = ProfileViewController.swift; sourceTree = "<group>"; };
		60BEC9C124C96EB5000C2B71 /* ProfileProtocols.swift */ = {isa = PBXFileReference; lastKnownFileType = sourcecode.swift; path = ProfileProtocols.swift; sourceTree = "<group>"; };
		60BEC9C224C96EB5000C2B71 /* ProfileAssembly.swift */ = {isa = PBXFileReference; lastKnownFileType = sourcecode.swift; path = ProfileAssembly.swift; sourceTree = "<group>"; };
		60BEC9C324C96EB5000C2B71 /* ProfileInteractor.swift */ = {isa = PBXFileReference; lastKnownFileType = sourcecode.swift; path = ProfileInteractor.swift; sourceTree = "<group>"; };
		60BEC9CB24C973C3000C2B71 /* AddPhotoView.swift */ = {isa = PBXFileReference; lastKnownFileType = sourcecode.swift; path = AddPhotoView.swift; sourceTree = "<group>"; };
		60BEC9CD24C9F55B000C2B71 /* MaterialSegmentControl.swift */ = {isa = PBXFileReference; lastKnownFileType = sourcecode.swift; path = MaterialSegmentControl.swift; sourceTree = "<group>"; };
		83AD4FE0B3B36972CFFCF7AE /* Pods_SimpleMeet.framework */ = {isa = PBXFileReference; explicitFileType = wrapper.framework; includeInIndex = 0; path = Pods_SimpleMeet.framework; sourceTree = BUILT_PRODUCTS_DIR; };
		A8D3BD8A3F4F7044A8D363F6 /* Pods-SimpleMeetTests.release.xcconfig */ = {isa = PBXFileReference; includeInIndex = 1; lastKnownFileType = text.xcconfig; name = "Pods-SimpleMeetTests.release.xcconfig"; path = "Target Support Files/Pods-SimpleMeetTests/Pods-SimpleMeetTests.release.xcconfig"; sourceTree = "<group>"; };
		C0B4902EB8D8DCEE77B54576 /* Pods-SimpleMeetTests.debug.xcconfig */ = {isa = PBXFileReference; includeInIndex = 1; lastKnownFileType = text.xcconfig; name = "Pods-SimpleMeetTests.debug.xcconfig"; path = "Target Support Files/Pods-SimpleMeetTests/Pods-SimpleMeetTests.debug.xcconfig"; sourceTree = "<group>"; };
		CAEDBAC38B71437FF7C36D10 /* Pods-SimpleMeet.release.xcconfig */ = {isa = PBXFileReference; includeInIndex = 1; lastKnownFileType = text.xcconfig; name = "Pods-SimpleMeet.release.xcconfig"; path = "Target Support Files/Pods-SimpleMeet/Pods-SimpleMeet.release.xcconfig"; sourceTree = "<group>"; };
		CF2DD27A076948C458EDA926 /* Pods_SimpleMeetTests.framework */ = {isa = PBXFileReference; explicitFileType = wrapper.framework; includeInIndex = 0; path = Pods_SimpleMeetTests.framework; sourceTree = BUILT_PRODUCTS_DIR; };
/* End PBXFileReference section */

/* Begin PBXFrameworksBuildPhase section */
		608A484224ADE5260023E58A /* Frameworks */ = {
			isa = PBXFrameworksBuildPhase;
			buildActionMask = 2147483647;
			files = (
				ACB74C560DFA5E383FB17893 /* Pods_SimpleMeet.framework in Frameworks */,
			);
			runOnlyForDeploymentPostprocessing = 0;
		};
		608A485824ADE52B0023E58A /* Frameworks */ = {
			isa = PBXFrameworksBuildPhase;
			buildActionMask = 2147483647;
			files = (
				6DDA1D8E6A2119D814AE6660 /* Pods_SimpleMeetTests.framework in Frameworks */,
			);
			runOnlyForDeploymentPostprocessing = 0;
		};
/* End PBXFrameworksBuildPhase section */

/* Begin PBXGroup section */
		2D42A2F5253DC9A000200C2C /* MainFlow */ = {
			isa = PBXGroup;
			children = (
				2D42A2F6253DC9CB00200C2C /* MainTabBar */,
				2D42A301253DCAE500200C2C /* MyChatsList */,
				2D42A300253DCACC00200C2C /* PeopleList */,
			);
			path = MainFlow;
			sourceTree = "<group>";
		};
		2D42A2F6253DC9CB00200C2C /* MainTabBar */ = {
			isa = PBXGroup;
			children = (
				2D42A2FA253DCA4200200C2C /* MainTabBarController.swift */,
			);
			path = MainTabBar;
			sourceTree = "<group>";
		};
		2D42A300253DCACC00200C2C /* PeopleList */ = {
			isa = PBXGroup;
			children = (
				2D42A310253DCB8200200C2C /* PeopleListPresenter.swift */,
				2D42A311253DCB8200200C2C /* PeopleListRouter.swift */,
				2D42A312253DCB8200200C2C /* PeopleListViewController.swift */,
				2D42A313253DCB8200200C2C /* PeopleListProtocols.swift */,
				2D42A314253DCB8200200C2C /* PeopleListAssembly.swift */,
				2D42A315253DCB8200200C2C /* PeopleListInteractor.swift */,
			);
			path = PeopleList;
			sourceTree = "<group>";
		};
		2D42A301253DCAE500200C2C /* MyChatsList */ = {
			isa = PBXGroup;
			children = (
				2D8BEE932540370D00464174 /* MyChatsListView */,
				2D42A302253DCB4B00200C2C /* MyChatsListPresenter.swift */,
				2D42A303253DCB4B00200C2C /* MyChatsListRouter.swift */,
				2D42A305253DCB4B00200C2C /* MyChatsListProtocols.swift */,
				2D42A306253DCB4B00200C2C /* MyChatsListAssembly.swift */,
				2D42A307253DCB4B00200C2C /* MyChatsListInteractor.swift */,
				2DBC498325403989008AA710 /* MyChatsListModels.swift */,
			);
			path = MyChatsList;
			sourceTree = "<group>";
		};
		2D62E38925404030008C56E6 /* ActiveChatCell */ = {
			isa = PBXGroup;
			children = (
				2DBC497D2540388C008AA710 /* ActiveChatCell.swift */,
			);
			path = ActiveChatCell;
			sourceTree = "<group>";
		};
		2D8BEE932540370D00464174 /* MyChatsListView */ = {
			isa = PBXGroup;
			children = (
				2DBC497C2540385E008AA710 /* MyChatsListCells */,
				2D42A304253DCB4B00200C2C /* MyChatsListViewController.swift */,
				2DD2398B2541BC7E00CC5769 /* SectionHeader.swift */,
			);
			path = MyChatsListView;
			sourceTree = "<group>";
		};
		2DBC497C2540385E008AA710 /* MyChatsListCells */ = {
			isa = PBXGroup;
			children = (
				2DF6377A25407D340031AFDA /* SelfConfigureCell.swift */,
				2DF6377325407C790031AFDA /* WaitingChatCell */,
				2D62E38925404030008C56E6 /* ActiveChatCell */,
			);
			path = MyChatsListCells;
			sourceTree = "<group>";
		};
		2DF6377325407C790031AFDA /* WaitingChatCell */ = {
			isa = PBXGroup;
			children = (
				2DF6377425407CA00031AFDA /* WaitingChatCell.swift */,
			);
			path = WaitingChatCell;
			sourceTree = "<group>";
		};
		4FA2616E6690D2655CA31765 /* Pods */ = {
			isa = PBXGroup;
			children = (
				40E45C3B4BC7E72B6BB43AF0 /* Pods-SimpleMeet.debug.xcconfig */,
				CAEDBAC38B71437FF7C36D10 /* Pods-SimpleMeet.release.xcconfig */,
				C0B4902EB8D8DCEE77B54576 /* Pods-SimpleMeetTests.debug.xcconfig */,
				A8D3BD8A3F4F7044A8D363F6 /* Pods-SimpleMeetTests.release.xcconfig */,
			);
			path = Pods;
			sourceTree = "<group>";
		};
		5DD91F9ECF6C57CB2817437C /* Frameworks */ = {
			isa = PBXGroup;
			children = (
				83AD4FE0B3B36972CFFCF7AE /* Pods_SimpleMeet.framework */,
				CF2DD27A076948C458EDA926 /* Pods_SimpleMeetTests.framework */,
			);
			name = Frameworks;
			sourceTree = "<group>";
		};
		6006215824BDAAD9005DBC90 /* Flows */ = {
			isa = PBXGroup;
			children = (
				2D42A2F5253DC9A000200C2C /* MainFlow */,
				6037B11F24C6D7F800F38F17 /* LoginInAppFlow */,
			);
			path = Flows;
			sourceTree = "<group>";
		};
		6006215924BDAAE8005DBC90 /* Auth */ = {
			isa = PBXGroup;
			children = (
				60973F0B25093632006FBE6F /* AuthView */,
				6006216424BDAC68005DBC90 /* AuthPresenter.swift */,
				6006216524BDAC68005DBC90 /* AuthRouter.swift */,
				6006216724BDAC68005DBC90 /* AuthProtocols.swift */,
				6006216824BDAC68005DBC90 /* AuthAssembly.swift */,
				6006216924BDAC68005DBC90 /* AuthInteractor.swift */,
			);
			path = Auth;
			sourceTree = "<group>";
		};
		6006217024BDB4E2005DBC90 /* CustomUIElements */ = {
			isa = PBXGroup;
			children = (
				6006217624C58662005DBC90 /* MaterialDesignElements */,
				6006217124BDB501005DBC90 /* Buttons */,
				60BEC9CA24C97396000C2B71 /* Views */,
			);
			path = CustomUIElements;
			sourceTree = "<group>";
		};
		6006217124BDB501005DBC90 /* Buttons */ = {
			isa = PBXGroup;
			children = (
				6006217224BDB53A005DBC90 /* AuthSocialButton.swift */,
				6006217424BDB8AF005DBC90 /* SocialImages.xcassets */,
			);
			path = Buttons;
			sourceTree = "<group>";
		};
		6006217624C58662005DBC90 /* MaterialDesignElements */ = {
			isa = PBXGroup;
			children = (
				6006217B24C589B0005DBC90 /* RippleLayer.swift */,
				6006218124C5D077005DBC90 /* MaterialButton.swift */,
				6006217724C5869B005DBC90 /* MaterialVerticalButton.swift */,
				6006218324C5D27D005DBC90 /* MaterialLoadingIndicator.swift */,
				6006217924C588E2005DBC90 /* MaterialDesignExtensions.swift */,
				6013051224C7014D005841C2 /* MaterialTextField.swift */,
				60BEC9CD24C9F55B000C2B71 /* MaterialSegmentControl.swift */,
			);
			path = MaterialDesignElements;
			sourceTree = "<group>";
		};
		6037B0FC24C6C72100F38F17 /* SignUp */ = {
			isa = PBXGroup;
			children = (
				60973F10250936CB006FBE6F /* SingUpView */,
				6037B0FD24C6C74D00F38F17 /* SignUpPresenter.swift */,
				6037B0FE24C6C74D00F38F17 /* SignUpRouter.swift */,
				6037B10024C6C74D00F38F17 /* SignUpProtocols.swift */,
				6037B10124C6C74D00F38F17 /* SignUpAssembly.swift */,
				6037B10224C6C74D00F38F17 /* SignUpInteractor.swift */,
			);
			path = SignUp;
			sourceTree = "<group>";
		};
		6037B10924C6CCBA00F38F17 /* SignIn */ = {
			isa = PBXGroup;
			children = (
				60973F112509370D006FBE6F /* SignInView */,
				6037B10A24C6CCE000F38F17 /* SignInPresenter.swift */,
				6037B10B24C6CCE000F38F17 /* SignInRouter.swift */,
				6037B10D24C6CCE000F38F17 /* SignInProtocols.swift */,
				6037B10E24C6CCE000F38F17 /* SignInAssembly.swift */,
				6037B10F24C6CCE000F38F17 /* SignInInteractor.swift */,
			);
			path = SignIn;
			sourceTree = "<group>";
		};
		6037B11624C6D1A100F38F17 /* Fonts */ = {
			isa = PBXGroup;
			children = (
				6037B11724C6D1B900F38F17 /* Phosphate Pro Cond Inline Regular.otf */,
				6037B11A24C6D1BA00F38F17 /* Phosphate Pro Cond Solid Regular.otf */,
				6037B11924C6D1B900F38F17 /* PhosphatePro-Inline.otf */,
				6037B11824C6D1B900F38F17 /* PhosphatePro-Solid.otf */,
			);
			path = Fonts;
			sourceTree = "<group>";
		};
		6037B11F24C6D7F800F38F17 /* LoginInAppFlow */ = {
			isa = PBXGroup;
			children = (
				6006218724C5EFDD005DBC90 /* LoginInAppViewsFactory.swift */,
				6006215924BDAAE8005DBC90 /* Auth */,
				6037B0FC24C6C72100F38F17 /* SignUp */,
				6037B10924C6CCBA00F38F17 /* SignIn */,
				60BEC9BD24C96E90000C2B71 /* Profile */,
			);
			path = LoginInAppFlow;
			sourceTree = "<group>";
		};
		6047F92E24AE065B009F013C /* LocalizeApp */ = {
			isa = PBXGroup;
			children = (
				6047F92C24AE041B009F013C /* LoginInAppFlow.strings */,
				6047F93324AE083D009F013C /* InfoPlist.strings */,
				2D42A326253DD39700200C2C /* MainFlow.strings */,
			);
			path = LocalizeApp;
			sourceTree = "<group>";
		};
		6047F93524AE11B5009F013C /* String */ = {
			isa = PBXGroup;
			children = (
				6047F93624AE11CB009F013C /* String+Localize.swift */,
			);
			path = String;
			sourceTree = "<group>";
		};
		608A483C24ADE5260023E58A = {
			isa = PBXGroup;
			children = (
				608A484724ADE5260023E58A /* SimpleMeet */,
				608A485E24ADE52C0023E58A /* SimpleMeetTests */,
				608A484624ADE5260023E58A /* Products */,
				4FA2616E6690D2655CA31765 /* Pods */,
				5DD91F9ECF6C57CB2817437C /* Frameworks */,
			);
			sourceTree = "<group>";
		};
		608A484624ADE5260023E58A /* Products */ = {
			isa = PBXGroup;
			children = (
				608A484524ADE5260023E58A /* SimpleMeet.app */,
				608A485B24ADE52B0023E58A /* SimpleMeetTests.xctest */,
			);
			name = Products;
			sourceTree = "<group>";
		};
		608A484724ADE5260023E58A /* SimpleMeet */ = {
			isa = PBXGroup;
			children = (
				608A486F24ADED730023E58A /* App */,
				6006215824BDAAD9005DBC90 /* Flows */,
				608A486B24ADEA5D0023E58A /* Helpers */,
				608A486A24ADE8890023E58A /* Resource */,
			);
			path = SimpleMeet;
			sourceTree = "<group>";
		};
		608A485E24ADE52C0023E58A /* SimpleMeetTests */ = {
			isa = PBXGroup;
			children = (
				608A485F24ADE52C0023E58A /* SimpleMeetTests.swift */,
				608A486124ADE52C0023E58A /* Info.plist */,
			);
			path = SimpleMeetTests;
			sourceTree = "<group>";
		};
		608A486A24ADE8890023E58A /* Resource */ = {
			isa = PBXGroup;
			children = (
				6037B11624C6D1A100F38F17 /* Fonts */,
				6047F92E24AE065B009F013C /* LocalizeApp */,
				608A485124ADE52B0023E58A /* Assets.xcassets */,
				608A485324ADE52B0023E58A /* LaunchScreen.storyboard */,
				608A485624ADE52B0023E58A /* Info.plist */,
				608A487124ADEF470023E58A /* UIImage+app.swift */,
				608A487024ADEF470023E58A /* UIColor+Pallete.swift */,
				6006218524C5E594005DBC90 /* UIFont+app.swift */,
			);
			path = Resource;
			sourceTree = "<group>";
		};
		608A486B24ADEA5D0023E58A /* Helpers */ = {
			isa = PBXGroup;
			children = (
				6047F93524AE11B5009F013C /* String */,
				608A486C24ADEA690023E58A /* UIKitExtensions */,
			);
			path = Helpers;
			sourceTree = "<group>";
		};
		608A486C24ADEA690023E58A /* UIKitExtensions */ = {
			isa = PBXGroup;
			children = (
				60A827C824C6079000531E78 /* UIDevice+.swift */,
				60A827CA24C6079400531E78 /* UIView+heights.swift */,
				60A827C624C6078B00531E78 /* UIView + addSub.swift */,
				608A486D24ADEA980023E58A /* UIColor+Dark+Hex.swift */,
				6037B0FA24C6C1A500F38F17 /* UIStackView+addArrSub.swift */,
				6013050E24C6F183005841C2 /* UILabel+Gradient.swift */,
				2DF6376E2540749A0031AFDA /* GradientView.swift */,
			);
			path = UIKitExtensions;
			sourceTree = "<group>";
		};
		608A486F24ADED730023E58A /* App */ = {
			isa = PBXGroup;
			children = (
				608A484824ADE5260023E58A /* AppDelegate.swift */,
				608A484A24ADE5260023E58A /* SceneDelegate.swift */,
				6006217024BDB4E2005DBC90 /* CustomUIElements */,
			);
			path = App;
			sourceTree = "<group>";
		};
		60973F0B25093632006FBE6F /* AuthView */ = {
			isa = PBXGroup;
			children = (
				6006216624BDAC68005DBC90 /* AuthViewController.swift */,
				60973F0C2509365E006FBE6F /* AuthViewConstraints.swift */,
			);
			path = AuthView;
			sourceTree = "<group>";
		};
		60973F10250936CB006FBE6F /* SingUpView */ = {
			isa = PBXGroup;
			children = (
				6037B0FF24C6C74D00F38F17 /* SignUpViewController.swift */,
				60973F0E250936B1006FBE6F /* SignUpConstraints.swift */,
			);
			path = SingUpView;
			sourceTree = "<group>";
		};
		60973F112509370D006FBE6F /* SignInView */ = {
			isa = PBXGroup;
			children = (
				6037B10C24C6CCE000F38F17 /* SignInViewController.swift */,
				60973F1225093727006FBE6F /* SignInConstraints.swift */,
			);
			path = SignInView;
			sourceTree = "<group>";
		};
		60973F1625093793006FBE6F /* ProfileView */ = {
			isa = PBXGroup;
			children = (
				60BEC9C024C96EB5000C2B71 /* ProfileViewController.swift */,
				60973F142509376F006FBE6F /* ProfileConstraints.swift */,
			);
			path = ProfileView;
			sourceTree = "<group>";
		};
		60BEC9BD24C96E90000C2B71 /* Profile */ = {
			isa = PBXGroup;
			children = (
				60973F1625093793006FBE6F /* ProfileView */,
				60BEC9BE24C96EB5000C2B71 /* ProfilePresenter.swift */,
				60BEC9BF24C96EB5000C2B71 /* ProfileRouter.swift */,
				60BEC9C124C96EB5000C2B71 /* ProfileProtocols.swift */,
				60BEC9C224C96EB5000C2B71 /* ProfileAssembly.swift */,
				60BEC9C324C96EB5000C2B71 /* ProfileInteractor.swift */,
			);
			path = Profile;
			sourceTree = "<group>";
		};
		60BEC9CA24C97396000C2B71 /* Views */ = {
			isa = PBXGroup;
			children = (
				60BEC9CB24C973C3000C2B71 /* AddPhotoView.swift */,
			);
			path = Views;
			sourceTree = "<group>";
		};
/* End PBXGroup section */

/* Begin PBXNativeTarget section */
		608A484424ADE5260023E58A /* SimpleMeet */ = {
			isa = PBXNativeTarget;
			buildConfigurationList = 608A486424ADE52C0023E58A /* Build configuration list for PBXNativeTarget "SimpleMeet" */;
			buildPhases = (
				97ACC85AC9188C3E3E660780 /* [CP] Check Pods Manifest.lock */,
				608A484124ADE5260023E58A /* Sources */,
				608A484224ADE5260023E58A /* Frameworks */,
				608A484324ADE5260023E58A /* Resources */,
				86494B92DFDCAAC7D5CCAD66 /* [CP] Embed Pods Frameworks */,
			);
			buildRules = (
			);
			dependencies = (
			);
			name = SimpleMeet;
			productName = SimpleMeet;
			productReference = 608A484524ADE5260023E58A /* SimpleMeet.app */;
			productType = "com.apple.product-type.application";
		};
		608A485A24ADE52B0023E58A /* SimpleMeetTests */ = {
			isa = PBXNativeTarget;
			buildConfigurationList = 608A486724ADE52C0023E58A /* Build configuration list for PBXNativeTarget "SimpleMeetTests" */;
			buildPhases = (
				B5C7EB35BE2BB48947A273DA /* [CP] Check Pods Manifest.lock */,
				608A485724ADE52B0023E58A /* Sources */,
				608A485824ADE52B0023E58A /* Frameworks */,
				608A485924ADE52B0023E58A /* Resources */,
			);
			buildRules = (
			);
			dependencies = (
				608A485D24ADE52B0023E58A /* PBXTargetDependency */,
			);
			name = SimpleMeetTests;
			productName = SimpleMeetTests;
			productReference = 608A485B24ADE52B0023E58A /* SimpleMeetTests.xctest */;
			productType = "com.apple.product-type.bundle.unit-test";
		};
/* End PBXNativeTarget section */

/* Begin PBXProject section */
		608A483D24ADE5260023E58A /* Project object */ = {
			isa = PBXProject;
			attributes = {
				LastSwiftUpdateCheck = 1150;
				LastUpgradeCheck = 1200;
				ORGANIZATIONNAME = "Дмитрий Федоринов";
				TargetAttributes = {
					608A484424ADE5260023E58A = {
						CreatedOnToolsVersion = 11.5;
					};
					608A485A24ADE52B0023E58A = {
						CreatedOnToolsVersion = 11.5;
						TestTargetID = 608A484424ADE5260023E58A;
					};
				};
			};
			buildConfigurationList = 608A484024ADE5260023E58A /* Build configuration list for PBXProject "SimpleMeet" */;
			compatibilityVersion = "Xcode 9.3";
			developmentRegion = en;
			hasScannedForEncodings = 0;
			knownRegions = (
				en,
				Base,
				ru,
			);
			mainGroup = 608A483C24ADE5260023E58A;
			productRefGroup = 608A484624ADE5260023E58A /* Products */;
			projectDirPath = "";
			projectRoot = "";
			targets = (
				608A484424ADE5260023E58A /* SimpleMeet */,
				608A485A24ADE52B0023E58A /* SimpleMeetTests */,
			);
		};
/* End PBXProject section */

/* Begin PBXResourcesBuildPhase section */
		608A484324ADE5260023E58A /* Resources */ = {
			isa = PBXResourcesBuildPhase;
			buildActionMask = 2147483647;
			files = (
				608A485524ADE52B0023E58A /* LaunchScreen.storyboard in Resources */,
				6047F93124AE083D009F013C /* InfoPlist.strings in Resources */,
				6037B11B24C6D1C700F38F17 /* Phosphate Pro Cond Inline Regular.otf in Resources */,
				2D42A324253DD39700200C2C /* MainFlow.strings in Resources */,
				6037B11C24C6D1CB00F38F17 /* Phosphate Pro Cond Solid Regular.otf in Resources */,
				6047F92A24AE041B009F013C /* LoginInAppFlow.strings in Resources */,
				608A485224ADE52B0023E58A /* Assets.xcassets in Resources */,
				6006217524BDB8AF005DBC90 /* SocialImages.xcassets in Resources */,
				6037B11D24C6D1CF00F38F17 /* PhosphatePro-Inline.otf in Resources */,
				6037B11E24C6D1D200F38F17 /* PhosphatePro-Solid.otf in Resources */,
			);
			runOnlyForDeploymentPostprocessing = 0;
		};
		608A485924ADE52B0023E58A /* Resources */ = {
			isa = PBXResourcesBuildPhase;
			buildActionMask = 2147483647;
			files = (
			);
			runOnlyForDeploymentPostprocessing = 0;
		};
/* End PBXResourcesBuildPhase section */

/* Begin PBXShellScriptBuildPhase section */
		86494B92DFDCAAC7D5CCAD66 /* [CP] Embed Pods Frameworks */ = {
			isa = PBXShellScriptBuildPhase;
			buildActionMask = 2147483647;
			files = (
			);
			inputFileListPaths = (
				"${PODS_ROOT}/Target Support Files/Pods-SimpleMeet/Pods-SimpleMeet-frameworks-${CONFIGURATION}-input-files.xcfilelist",
			);
			name = "[CP] Embed Pods Frameworks";
			outputFileListPaths = (
				"${PODS_ROOT}/Target Support Files/Pods-SimpleMeet/Pods-SimpleMeet-frameworks-${CONFIGURATION}-output-files.xcfilelist",
			);
			runOnlyForDeploymentPostprocessing = 0;
			shellPath = /bin/sh;
			shellScript = "\"${PODS_ROOT}/Target Support Files/Pods-SimpleMeet/Pods-SimpleMeet-frameworks.sh\"\n";
			showEnvVarsInLog = 0;
		};
		97ACC85AC9188C3E3E660780 /* [CP] Check Pods Manifest.lock */ = {
			isa = PBXShellScriptBuildPhase;
			buildActionMask = 2147483647;
			files = (
			);
			inputFileListPaths = (
			);
			inputPaths = (
				"${PODS_PODFILE_DIR_PATH}/Podfile.lock",
				"${PODS_ROOT}/Manifest.lock",
			);
			name = "[CP] Check Pods Manifest.lock";
			outputFileListPaths = (
			);
			outputPaths = (
				"$(DERIVED_FILE_DIR)/Pods-SimpleMeet-checkManifestLockResult.txt",
			);
			runOnlyForDeploymentPostprocessing = 0;
			shellPath = /bin/sh;
			shellScript = "diff \"${PODS_PODFILE_DIR_PATH}/Podfile.lock\" \"${PODS_ROOT}/Manifest.lock\" > /dev/null\nif [ $? != 0 ] ; then\n    # print error to STDERR\n    echo \"error: The sandbox is not in sync with the Podfile.lock. Run 'pod install' or update your CocoaPods installation.\" >&2\n    exit 1\nfi\n# This output is used by Xcode 'outputs' to avoid re-running this script phase.\necho \"SUCCESS\" > \"${SCRIPT_OUTPUT_FILE_0}\"\n";
			showEnvVarsInLog = 0;
		};
		B5C7EB35BE2BB48947A273DA /* [CP] Check Pods Manifest.lock */ = {
			isa = PBXShellScriptBuildPhase;
			buildActionMask = 2147483647;
			files = (
			);
			inputFileListPaths = (
			);
			inputPaths = (
				"${PODS_PODFILE_DIR_PATH}/Podfile.lock",
				"${PODS_ROOT}/Manifest.lock",
			);
			name = "[CP] Check Pods Manifest.lock";
			outputFileListPaths = (
			);
			outputPaths = (
				"$(DERIVED_FILE_DIR)/Pods-SimpleMeetTests-checkManifestLockResult.txt",
			);
			runOnlyForDeploymentPostprocessing = 0;
			shellPath = /bin/sh;
			shellScript = "diff \"${PODS_PODFILE_DIR_PATH}/Podfile.lock\" \"${PODS_ROOT}/Manifest.lock\" > /dev/null\nif [ $? != 0 ] ; then\n    # print error to STDERR\n    echo \"error: The sandbox is not in sync with the Podfile.lock. Run 'pod install' or update your CocoaPods installation.\" >&2\n    exit 1\nfi\n# This output is used by Xcode 'outputs' to avoid re-running this script phase.\necho \"SUCCESS\" > \"${SCRIPT_OUTPUT_FILE_0}\"\n";
			showEnvVarsInLog = 0;
		};
/* End PBXShellScriptBuildPhase section */

/* Begin PBXSourcesBuildPhase section */
		608A484124ADE5260023E58A /* Sources */ = {
			isa = PBXSourcesBuildPhase;
			buildActionMask = 2147483647;
			files = (
				60973F0F250936B1006FBE6F /* SignUpConstraints.swift in Sources */,
				6006216A24BDAC68005DBC90 /* AuthPresenter.swift in Sources */,
				2D42A308253DCB4B00200C2C /* MyChatsListPresenter.swift in Sources */,
				2D42A309253DCB4B00200C2C /* MyChatsListRouter.swift in Sources */,
				60A827C724C6078B00531E78 /* UIView + addSub.swift in Sources */,
				608A487224ADEF470023E58A /* UIColor+Pallete.swift in Sources */,
				6006216C24BDAC68005DBC90 /* AuthViewController.swift in Sources */,
				2DF6376F2540749A0031AFDA /* GradientView.swift in Sources */,
				6006216E24BDAC68005DBC90 /* AuthAssembly.swift in Sources */,
				6006216F24BDAC68005DBC90 /* AuthInteractor.swift in Sources */,
				6037B10524C6C74D00F38F17 /* SignUpViewController.swift in Sources */,
				2D42A30D253DCB4B00200C2C /* MyChatsListInteractor.swift in Sources */,
				2DBC497E2540388C008AA710 /* ActiveChatCell.swift in Sources */,
				60BEC9CC24C973C3000C2B71 /* AddPhotoView.swift in Sources */,
				2D42A31A253DCB8200200C2C /* PeopleListAssembly.swift in Sources */,
				2D42A31B253DCB8200200C2C /* PeopleListInteractor.swift in Sources */,
				6037B10624C6C74D00F38F17 /* SignUpProtocols.swift in Sources */,
				2D42A316253DCB8200200C2C /* PeopleListPresenter.swift in Sources */,
				6037B11524C6CCE000F38F17 /* SignInInteractor.swift in Sources */,
				6037B11024C6CCE000F38F17 /* SignInPresenter.swift in Sources */,
				60BEC9C924C96EB5000C2B71 /* ProfileInteractor.swift in Sources */,
				6006217C24C589B0005DBC90 /* RippleLayer.swift in Sources */,
				608A486E24ADEA980023E58A /* UIColor+Dark+Hex.swift in Sources */,
				6037B11224C6CCE000F38F17 /* SignInViewController.swift in Sources */,
				60BEC9C724C96EB5000C2B71 /* ProfileProtocols.swift in Sources */,
				60BEC9CE24C9F55B000C2B71 /* MaterialSegmentControl.swift in Sources */,
				6037B10424C6C74D00F38F17 /* SignUpRouter.swift in Sources */,
				6037B10324C6C74D00F38F17 /* SignUpPresenter.swift in Sources */,
				6037B10724C6C74D00F38F17 /* SignUpAssembly.swift in Sources */,
				2D42A318253DCB8200200C2C /* PeopleListViewController.swift in Sources */,
				2DBC498425403989008AA710 /* MyChatsListModels.swift in Sources */,
				6037B0FB24C6C1A500F38F17 /* UIStackView+addArrSub.swift in Sources */,
				6006217824C5869B005DBC90 /* MaterialVerticalButton.swift in Sources */,
				6037B11324C6CCE000F38F17 /* SignInProtocols.swift in Sources */,
				6006218224C5D077005DBC90 /* MaterialButton.swift in Sources */,
				6047F93724AE11CB009F013C /* String+Localize.swift in Sources */,
				6006217324BDB53A005DBC90 /* AuthSocialButton.swift in Sources */,
				60973F0D2509365E006FBE6F /* AuthViewConstraints.swift in Sources */,
				2D42A319253DCB8200200C2C /* PeopleListProtocols.swift in Sources */,
				608A484924ADE5260023E58A /* AppDelegate.swift in Sources */,
				60973F1325093727006FBE6F /* SignInConstraints.swift in Sources */,
				60A827C924C6079000531E78 /* UIDevice+.swift in Sources */,
				2D42A30C253DCB4B00200C2C /* MyChatsListAssembly.swift in Sources */,
				60BEC9C524C96EB5000C2B71 /* ProfileRouter.swift in Sources */,
				608A484B24ADE5260023E58A /* SceneDelegate.swift in Sources */,
				60BEC9C824C96EB5000C2B71 /* ProfileAssembly.swift in Sources */,
				6037B11124C6CCE000F38F17 /* SignInRouter.swift in Sources */,
				6006216B24BDAC68005DBC90 /* AuthRouter.swift in Sources */,
				6006217A24C588E2005DBC90 /* MaterialDesignExtensions.swift in Sources */,
				2D42A317253DCB8200200C2C /* PeopleListRouter.swift in Sources */,
				2DD2398C2541BC7E00CC5769 /* SectionHeader.swift in Sources */,
				6006218824C5EFDD005DBC90 /* LoginInAppViewsFactory.swift in Sources */,
				60973F152509376F006FBE6F /* ProfileConstraints.swift in Sources */,
				6037B11424C6CCE000F38F17 /* SignInAssembly.swift in Sources */,
				6006218624C5E594005DBC90 /* UIFont+app.swift in Sources */,
				2D42A30B253DCB4B00200C2C /* MyChatsListProtocols.swift in Sources */,
				60A827CB24C6079400531E78 /* UIView+heights.swift in Sources */,
				2DF6377B25407D340031AFDA /* SelfConfigureCell.swift in Sources */,
				608A487324ADEF470023E58A /* UIImage+app.swift in Sources */,
				6006216D24BDAC68005DBC90 /* AuthProtocols.swift in Sources */,
				6037B10824C6C74D00F38F17 /* SignUpInteractor.swift in Sources */,
				60BEC9C624C96EB5000C2B71 /* ProfileViewController.swift in Sources */,
				2D42A30A253DCB4B00200C2C /* MyChatsListViewController.swift in Sources */,
				6013051324C7014D005841C2 /* MaterialTextField.swift in Sources */,
				6013050F24C6F183005841C2 /* UILabel+Gradient.swift in Sources */,
				6006218424C5D27D005DBC90 /* MaterialLoadingIndicator.swift in Sources */,
				60BEC9C424C96EB5000C2B71 /* ProfilePresenter.swift in Sources */,
				2D42A2FB253DCA4200200C2C /* MainTabBarController.swift in Sources */,
				2DF6377525407CA00031AFDA /* WaitingChatCell.swift in Sources */,
			);
			runOnlyForDeploymentPostprocessing = 0;
		};
		608A485724ADE52B0023E58A /* Sources */ = {
			isa = PBXSourcesBuildPhase;
			buildActionMask = 2147483647;
			files = (
				608A486024ADE52C0023E58A /* SimpleMeetTests.swift in Sources */,
			);
			runOnlyForDeploymentPostprocessing = 0;
		};
/* End PBXSourcesBuildPhase section */

/* Begin PBXTargetDependency section */
		608A485D24ADE52B0023E58A /* PBXTargetDependency */ = {
			isa = PBXTargetDependency;
			target = 608A484424ADE5260023E58A /* SimpleMeet */;
			targetProxy = 608A485C24ADE52B0023E58A /* PBXContainerItemProxy */;
		};
/* End PBXTargetDependency section */

/* Begin PBXVariantGroup section */
		2D42A326253DD39700200C2C /* MainFlow.strings */ = {
			isa = PBXVariantGroup;
			children = (
				2D42A325253DD39700200C2C /* en */,
				2D42A329253DD39B00200C2C /* ru */,
			);
			name = MainFlow.strings;
			sourceTree = "<group>";
		};
		6047F92C24AE041B009F013C /* LoginInAppFlow.strings */ = {
			isa = PBXVariantGroup;
			children = (
				6047F92B24AE041B009F013C /* en */,
				6047F92D24AE041F009F013C /* ru */,
			);
			name = LoginInAppFlow.strings;
			sourceTree = "<group>";
		};
		6047F93324AE083D009F013C /* InfoPlist.strings */ = {
			isa = PBXVariantGroup;
			children = (
				6047F93224AE083D009F013C /* ru */,
				6047F93424AE083E009F013C /* en */,
			);
			name = InfoPlist.strings;
			sourceTree = "<group>";
		};
		608A485324ADE52B0023E58A /* LaunchScreen.storyboard */ = {
			isa = PBXVariantGroup;
			children = (
				608A485424ADE52B0023E58A /* Base */,
				6006217E24C5C77B005DBC90 /* ru */,
				6006218024C5C88F005DBC90 /* en */,
			);
			name = LaunchScreen.storyboard;
			sourceTree = "<group>";
		};
/* End PBXVariantGroup section */

/* Begin XCBuildConfiguration section */
		608A486224ADE52C0023E58A /* Debug */ = {
			isa = XCBuildConfiguration;
			buildSettings = {
				ALWAYS_SEARCH_USER_PATHS = NO;
				CLANG_ANALYZER_LOCALIZABILITY_NONLOCALIZED = YES;
				CLANG_ANALYZER_NONNULL = YES;
				CLANG_ANALYZER_NUMBER_OBJECT_CONVERSION = YES_AGGRESSIVE;
				CLANG_CXX_LANGUAGE_STANDARD = "gnu++14";
				CLANG_CXX_LIBRARY = "libc++";
				CLANG_ENABLE_MODULES = YES;
				CLANG_ENABLE_OBJC_ARC = YES;
				CLANG_ENABLE_OBJC_WEAK = YES;
				CLANG_WARN_BLOCK_CAPTURE_AUTORELEASING = YES;
				CLANG_WARN_BOOL_CONVERSION = YES;
				CLANG_WARN_COMMA = YES;
				CLANG_WARN_CONSTANT_CONVERSION = YES;
				CLANG_WARN_DEPRECATED_OBJC_IMPLEMENTATIONS = YES;
				CLANG_WARN_DIRECT_OBJC_ISA_USAGE = YES_ERROR;
				CLANG_WARN_DOCUMENTATION_COMMENTS = YES;
				CLANG_WARN_EMPTY_BODY = YES;
				CLANG_WARN_ENUM_CONVERSION = YES;
				CLANG_WARN_INFINITE_RECURSION = YES;
				CLANG_WARN_INT_CONVERSION = YES;
				CLANG_WARN_NON_LITERAL_NULL_CONVERSION = YES;
				CLANG_WARN_OBJC_IMPLICIT_RETAIN_SELF = YES;
				CLANG_WARN_OBJC_LITERAL_CONVERSION = YES;
				CLANG_WARN_OBJC_ROOT_CLASS = YES_ERROR;
				CLANG_WARN_QUOTED_INCLUDE_IN_FRAMEWORK_HEADER = YES;
				CLANG_WARN_RANGE_LOOP_ANALYSIS = YES;
				CLANG_WARN_STRICT_PROTOTYPES = YES;
				CLANG_WARN_SUSPICIOUS_MOVE = YES;
				CLANG_WARN_UNGUARDED_AVAILABILITY = YES_AGGRESSIVE;
				CLANG_WARN_UNREACHABLE_CODE = YES;
				CLANG_WARN__DUPLICATE_METHOD_MATCH = YES;
				COPY_PHASE_STRIP = NO;
				DEBUG_INFORMATION_FORMAT = dwarf;
				ENABLE_STRICT_OBJC_MSGSEND = YES;
				ENABLE_TESTABILITY = YES;
				GCC_C_LANGUAGE_STANDARD = gnu11;
				GCC_DYNAMIC_NO_PIC = NO;
				GCC_NO_COMMON_BLOCKS = YES;
				GCC_OPTIMIZATION_LEVEL = 0;
				GCC_PREPROCESSOR_DEFINITIONS = (
					"DEBUG=1",
					"$(inherited)",
				);
				GCC_WARN_64_TO_32_BIT_CONVERSION = YES;
				GCC_WARN_ABOUT_RETURN_TYPE = YES_ERROR;
				GCC_WARN_UNDECLARED_SELECTOR = YES;
				GCC_WARN_UNINITIALIZED_AUTOS = YES_AGGRESSIVE;
				GCC_WARN_UNUSED_FUNCTION = YES;
				GCC_WARN_UNUSED_VARIABLE = YES;
				IPHONEOS_DEPLOYMENT_TARGET = 13.5;
				MTL_ENABLE_DEBUG_INFO = INCLUDE_SOURCE;
				MTL_FAST_MATH = YES;
				ONLY_ACTIVE_ARCH = YES;
				SDKROOT = iphoneos;
				SWIFT_ACTIVE_COMPILATION_CONDITIONS = DEBUG;
				SWIFT_OPTIMIZATION_LEVEL = "-Onone";
			};
			name = Debug;
		};
		608A486324ADE52C0023E58A /* Release */ = {
			isa = XCBuildConfiguration;
			buildSettings = {
				ALWAYS_SEARCH_USER_PATHS = NO;
				CLANG_ANALYZER_LOCALIZABILITY_NONLOCALIZED = YES;
				CLANG_ANALYZER_NONNULL = YES;
				CLANG_ANALYZER_NUMBER_OBJECT_CONVERSION = YES_AGGRESSIVE;
				CLANG_CXX_LANGUAGE_STANDARD = "gnu++14";
				CLANG_CXX_LIBRARY = "libc++";
				CLANG_ENABLE_MODULES = YES;
				CLANG_ENABLE_OBJC_ARC = YES;
				CLANG_ENABLE_OBJC_WEAK = YES;
				CLANG_WARN_BLOCK_CAPTURE_AUTORELEASING = YES;
				CLANG_WARN_BOOL_CONVERSION = YES;
				CLANG_WARN_COMMA = YES;
				CLANG_WARN_CONSTANT_CONVERSION = YES;
				CLANG_WARN_DEPRECATED_OBJC_IMPLEMENTATIONS = YES;
				CLANG_WARN_DIRECT_OBJC_ISA_USAGE = YES_ERROR;
				CLANG_WARN_DOCUMENTATION_COMMENTS = YES;
				CLANG_WARN_EMPTY_BODY = YES;
				CLANG_WARN_ENUM_CONVERSION = YES;
				CLANG_WARN_INFINITE_RECURSION = YES;
				CLANG_WARN_INT_CONVERSION = YES;
				CLANG_WARN_NON_LITERAL_NULL_CONVERSION = YES;
				CLANG_WARN_OBJC_IMPLICIT_RETAIN_SELF = YES;
				CLANG_WARN_OBJC_LITERAL_CONVERSION = YES;
				CLANG_WARN_OBJC_ROOT_CLASS = YES_ERROR;
				CLANG_WARN_QUOTED_INCLUDE_IN_FRAMEWORK_HEADER = YES;
				CLANG_WARN_RANGE_LOOP_ANALYSIS = YES;
				CLANG_WARN_STRICT_PROTOTYPES = YES;
				CLANG_WARN_SUSPICIOUS_MOVE = YES;
				CLANG_WARN_UNGUARDED_AVAILABILITY = YES_AGGRESSIVE;
				CLANG_WARN_UNREACHABLE_CODE = YES;
				CLANG_WARN__DUPLICATE_METHOD_MATCH = YES;
				COPY_PHASE_STRIP = NO;
				DEBUG_INFORMATION_FORMAT = "dwarf-with-dsym";
				ENABLE_NS_ASSERTIONS = NO;
				ENABLE_STRICT_OBJC_MSGSEND = YES;
				GCC_C_LANGUAGE_STANDARD = gnu11;
				GCC_NO_COMMON_BLOCKS = YES;
				GCC_WARN_64_TO_32_BIT_CONVERSION = YES;
				GCC_WARN_ABOUT_RETURN_TYPE = YES_ERROR;
				GCC_WARN_UNDECLARED_SELECTOR = YES;
				GCC_WARN_UNINITIALIZED_AUTOS = YES_AGGRESSIVE;
				GCC_WARN_UNUSED_FUNCTION = YES;
				GCC_WARN_UNUSED_VARIABLE = YES;
				IPHONEOS_DEPLOYMENT_TARGET = 13.5;
				MTL_ENABLE_DEBUG_INFO = NO;
				MTL_FAST_MATH = YES;
				SDKROOT = iphoneos;
				SWIFT_COMPILATION_MODE = wholemodule;
				SWIFT_OPTIMIZATION_LEVEL = "-O";
				VALIDATE_PRODUCT = YES;
			};
			name = Release;
		};
		608A486524ADE52C0023E58A /* Debug */ = {
			isa = XCBuildConfiguration;
			baseConfigurationReference = 40E45C3B4BC7E72B6BB43AF0 /* Pods-SimpleMeet.debug.xcconfig */;
			buildSettings = {
				ASSETCATALOG_COMPILER_APPICON_NAME = AppIcon;
				CODE_SIGN_STYLE = Automatic;
				DEVELOPMENT_TEAM = 6FJHRWT7C3;
				INFOPLIST_FILE = SimpleMeet/Resource/Info.plist;
				IPHONEOS_DEPLOYMENT_TARGET = 13.0;
				LD_RUNPATH_SEARCH_PATHS = (
					"$(inherited)",
					"@executable_path/Frameworks",
				);
				PRODUCT_BUNDLE_IDENTIFIER = fedorinovdmitry.me.t.SimpleMeet;
				PRODUCT_NAME = "$(TARGET_NAME)";
				SWIFT_VERSION = 5.0;
				TARGETED_DEVICE_FAMILY = "1,2";
			};
			name = Debug;
		};
		608A486624ADE52C0023E58A /* Release */ = {
			isa = XCBuildConfiguration;
			baseConfigurationReference = CAEDBAC38B71437FF7C36D10 /* Pods-SimpleMeet.release.xcconfig */;
			buildSettings = {
				ASSETCATALOG_COMPILER_APPICON_NAME = AppIcon;
				CODE_SIGN_STYLE = Automatic;
				DEVELOPMENT_TEAM = 6FJHRWT7C3;
				INFOPLIST_FILE = SimpleMeet/Resource/Info.plist;
				IPHONEOS_DEPLOYMENT_TARGET = 13.0;
				LD_RUNPATH_SEARCH_PATHS = (
					"$(inherited)",
					"@executable_path/Frameworks",
				);
				PRODUCT_BUNDLE_IDENTIFIER = fedorinovdmitry.me.t.SimpleMeet;
				PRODUCT_NAME = "$(TARGET_NAME)";
				SWIFT_VERSION = 5.0;
				TARGETED_DEVICE_FAMILY = "1,2";
			};
			name = Release;
		};
		608A486824ADE52C0023E58A /* Debug */ = {
			isa = XCBuildConfiguration;
			baseConfigurationReference = C0B4902EB8D8DCEE77B54576 /* Pods-SimpleMeetTests.debug.xcconfig */;
			buildSettings = {
				ALWAYS_EMBED_SWIFT_STANDARD_LIBRARIES = YES;
				BUNDLE_LOADER = "$(TEST_HOST)";
				CODE_SIGN_STYLE = Automatic;
				DEVELOPMENT_TEAM = 6FJHRWT7C3;
				INFOPLIST_FILE = SimpleMeetTests/Info.plist;
				IPHONEOS_DEPLOYMENT_TARGET = 13.5;
				LD_RUNPATH_SEARCH_PATHS = (
					"$(inherited)",
					"@executable_path/Frameworks",
					"@loader_path/Frameworks",
				);
				PRODUCT_BUNDLE_IDENTIFIER = fedorinovdmitry.me.t.SimpleMeetTests;
				PRODUCT_NAME = "$(TARGET_NAME)";
				SWIFT_VERSION = 5.0;
				TARGETED_DEVICE_FAMILY = "1,2";
				TEST_HOST = "$(BUILT_PRODUCTS_DIR)/SimpleMeet.app/SimpleMeet";
			};
			name = Debug;
		};
		608A486924ADE52C0023E58A /* Release */ = {
			isa = XCBuildConfiguration;
			baseConfigurationReference = A8D3BD8A3F4F7044A8D363F6 /* Pods-SimpleMeetTests.release.xcconfig */;
			buildSettings = {
				ALWAYS_EMBED_SWIFT_STANDARD_LIBRARIES = YES;
				BUNDLE_LOADER = "$(TEST_HOST)";
				CODE_SIGN_STYLE = Automatic;
				DEVELOPMENT_TEAM = 6FJHRWT7C3;
				INFOPLIST_FILE = SimpleMeetTests/Info.plist;
				IPHONEOS_DEPLOYMENT_TARGET = 13.5;
				LD_RUNPATH_SEARCH_PATHS = (
					"$(inherited)",
					"@executable_path/Frameworks",
					"@loader_path/Frameworks",
				);
				PRODUCT_BUNDLE_IDENTIFIER = fedorinovdmitry.me.t.SimpleMeetTests;
				PRODUCT_NAME = "$(TARGET_NAME)";
				SWIFT_VERSION = 5.0;
				TARGETED_DEVICE_FAMILY = "1,2";
				TEST_HOST = "$(BUILT_PRODUCTS_DIR)/SimpleMeet.app/SimpleMeet";
			};
			name = Release;
		};
/* End XCBuildConfiguration section */

/* Begin XCConfigurationList section */
		608A484024ADE5260023E58A /* Build configuration list for PBXProject "SimpleMeet" */ = {
			isa = XCConfigurationList;
			buildConfigurations = (
				608A486224ADE52C0023E58A /* Debug */,
				608A486324ADE52C0023E58A /* Release */,
			);
			defaultConfigurationIsVisible = 0;
			defaultConfigurationName = Release;
		};
		608A486424ADE52C0023E58A /* Build configuration list for PBXNativeTarget "SimpleMeet" */ = {
			isa = XCConfigurationList;
			buildConfigurations = (
				608A486524ADE52C0023E58A /* Debug */,
				608A486624ADE52C0023E58A /* Release */,
			);
			defaultConfigurationIsVisible = 0;
			defaultConfigurationName = Release;
		};
		608A486724ADE52C0023E58A /* Build configuration list for PBXNativeTarget "SimpleMeetTests" */ = {
			isa = XCConfigurationList;
			buildConfigurations = (
				608A486824ADE52C0023E58A /* Debug */,
				608A486924ADE52C0023E58A /* Release */,
			);
			defaultConfigurationIsVisible = 0;
			defaultConfigurationName = Release;
		};
/* End XCConfigurationList section */
	};
	rootObject = 608A483D24ADE5260023E58A /* Project object */;
}
